
Microsoft Visual Studio Solution File, Format Version 12.00
# Visual Studio Version 17
VisualStudioVersion = 17.13.35931.197 d17.13
MinimumVisualStudioVersion = 10.0.40219.1
Project("{FAE04EC0-301F-11D3-BF4B-00C04F79EFBC}") = "ClubManagementUI", "ClubManagementUI\ClubManagementUI.csproj", "{C5A21655-0062-4E3C-9A3A-CD6485560812}"
EndProject
Project("{FAE04EC0-301F-11D3-BF4B-00C04F79EFBC}") = "ClubManagement.DAL", "ClubManagementDAL\ClubManagement.DAL.csproj", "{FBB3A792-B020-4009-A63B-49586DB77154}"
EndProject
Project("{FAE04EC0-301F-11D3-BF4B-00C04F79EFBC}") = "ClubManagement.DLL", "ClubManagementDll\ClubManagement.DLL.csproj", "{C2697046-FF0C-4273-A912-CB91F6F560C9}"
EndProject
Global
	GlobalSection(SolutionConfigurationPlatforms) = preSolution
		Debug|Any CPU = Debug|Any CPU
		Release|Any CPU = Release|Any CPU
	EndGlobalSection
	GlobalSection(ProjectConfigurationPlatforms) = postSolution
		{C5A21655-0062-4E3C-9A3A-CD6485560812}.Debug|Any CPU.ActiveCfg = Debug|Any CPU
		{C5A21655-0062-4E3C-9A3A-CD6485560812}.Debug|Any CPU.Build.0 = Debug|Any CPU
		{C5A21655-0062-4E3C-9A3A-CD6485560812}.Release|Any CPU.ActiveCfg = Release|Any CPU
		{C5A21655-0062-4E3C-9A3A-CD6485560812}.Release|Any CPU.Build.0 = Release|Any CPU
		{FBB3A792-B020-4009-A63B-49586DB77154}.Debug|Any CPU.ActiveCfg = Debug|Any CPU
		{FBB3A792-B020-4009-A63B-49586DB77154}.Debug|Any CPU.Build.0 = Debug|Any CPU
		{FBB3A792-B020-4009-A63B-49586DB77154}.Release|Any CPU.ActiveCfg = Release|Any CPU
		{FBB3A792-B020-4009-A63B-49586DB77154}.Release|Any CPU.Build.0 = Release|Any CPU
		{C2697046-FF0C-4273-A912-CB91F6F560C9}.Debug|Any CPU.ActiveCfg = Debug|Any CPU
		{C2697046-FF0C-4273-A912-CB91F6F560C9}.Debug|Any CPU.Build.0 = Debug|Any CPU
		{C2697046-FF0C-4273-A912-CB91F6F560C9}.Release|Any CPU.ActiveCfg = Release|Any CPU
		{C2697046-FF0C-4273-A912-CB91F6F560C9}.Release|Any CPU.Build.0 = Release|Any CPU
	EndGlobalSection
	GlobalSection(SolutionProperties) = preSolution
		HideSolutionNode = FALSE
	EndGlobalSection
	GlobalSection(ExtensibilityGlobals) = postSolution
		SolutionGuid = {B92CD052-C775-4690-A008-41779CB1B3EC}
	EndGlobalSection
EndGlobal
